{
  "originHash" : "981895f686d5401565d16985c3edc486d1604387b8593e1be93962b98b94bfe7",
  "pins" : [
    {
      "identity" : "swift-protobuf",
      "kind" : "remoteSourceControl",
      "location" : "https://github.com/apple/swift-protobuf.git",
      "state" : {
        "revision" : "f6506eaa86ed2e01cb0ae14a75035b7fdbf0918f",
        "version" : "1.38.0"
      }
    }
  ],
  "version" : 3
}
