// !$*UTF8*$!
{
	archiveVersion = 1;
	classes = {
	};
	objectVersion = 77;
	objects = {

/* Begin PBXBuildFile section */
		A10000F1 /* DiskTemplates in Resources */ = {isa = PBXBuildFile; fileRef = A10000F0 /* DiskTemplates */; };
		A100010B /* KernovaRelaunchHelper in Embed Helpers */ = {isa = PBXBuildFile; fileRef = A1000100 /* KernovaRelaunchHelper */; settings = {ATTRIBUTES = (CodeSignOnCopy, ); }; };
		A100040D /* KernovaQuickLook.appex in Embed Foundation Extensions */ = {isa = PBXBuildFile; fileRef = A1000400 /* KernovaQuickLook.appex */; settings = {ATTRIBUTES = (RemoveHeadersOnCopy, ); }; };
		A100050D /* KernovaMacOSAgentFileProvider.appex in Embed Foundation Extensions */ = {isa = PBXBuildFile; fileRef = A1000500 /* KernovaMacOSAgentFileProvider.appex */; settings = {ATTRIBUTES = (RemoveHeadersOnCopy, ); }; };
		A100060D /* KernovaFileProvider.appex in Embed Foundation Extensions */ = {isa = PBXBuildFile; fileRef = A1000600 /* KernovaFileProvider.appex */; settings = {ATTRIBUTES = (RemoveHeadersOnCopy, ); }; };
		A2000001 /* KernovaKit in Frameworks */ = {isa = PBXBuildFile; productRef = A2000002 /* KernovaKit */; };
		A2000004 /* KernovaKit in Frameworks */ = {isa = PBXBuildFile; productRef = A2000005 /* KernovaKit */; };
		A2000006 /* KernovaKit in Frameworks */ = {isa = PBXBuildFile; productRef = A2000007 /* KernovaKit */; };
		A2000009 /* KernovaKit in Frameworks */ = {isa = PBXBuildFile; productRef = A2000008 /* KernovaKit */; };
		A200000A /* KernovaKit in Frameworks */ = {isa = PBXBuildFile; productRef = A200000B /* KernovaKit */; };
		A200000C /* KernovaTestSupport in Frameworks */ = {isa = PBXBuildFile; productRef = A200000D /* KernovaTestSupport */; };
		A200000E /* KernovaTestSupport in Frameworks */ = {isa = PBXBuildFile; productRef = A200000F /* KernovaTestSupport */; };
/* End PBXBuildFile section */

/* Begin PBXContainerItemProxy section */
		A1000001 /* PBXContainerItemProxy */ = {
			isa = PBXContainerItemProxy;
			containerPortal = A1000002 /* Project object */;
			proxyType = 1;
			remoteGlobalIDString = A1000003;
			remoteInfo = Kernova;
		};
		A1000108 /* PBXContainerItemProxy */ = {
			isa = PBXContainerItemProxy;
			containerPortal = A1000002 /* Project object */;
			proxyType = 1;
			remoteGlobalIDString = A1000102;
			remoteInfo = KernovaRelaunchHelper;
		};
		A1000205 /* PBXContainerItemProxy */ = {
			isa = PBXContainerItemProxy;
			containerPortal = A1000002 /* Project object */;
			proxyType = 1;
			remoteGlobalIDString = A1000204;
			remoteInfo = KernovaMacOSAgent;
		};
		A1000301 /* PBXContainerItemProxy */ = {
			isa = PBXContainerItemProxy;
			containerPortal = A1000002 /* Project object */;
			proxyType = 1;
			remoteGlobalIDString = A1000204;
			remoteInfo = KernovaMacOSAgent;
		};
		A100040B /* PBXContainerItemProxy */ = {
			isa = PBXContainerItemProxy;
			containerPortal = A1000002 /* Project object */;
			proxyType = 1;
			remoteGlobalIDString = A1000404;
			remoteInfo = KernovaQuickLook;
		};
		A100050B /* PBXContainerItemProxy */ = {
			isa = PBXContainerItemProxy;
			containerPortal = A1000002 /* Project object */;
			proxyType = 1;
			remoteGlobalIDString = A1000504;
			remoteInfo = KernovaMacOSAgentFileProvider;
		};
		A100060B /* PBXContainerItemProxy */ = {
			isa = PBXContainerItemProxy;
			containerPortal = A1000002 /* Project object */;
			proxyType = 1;
			remoteGlobalIDString = A1000604;
			remoteInfo = KernovaFileProvider;
		};
/* End PBXContainerItemProxy section */

/* Begin PBXCopyFilesBuildPhase section */
		A100010A /* Embed Helpers */ = {
			isa = PBXCopyFilesBuildPhase;
			buildActionMask = 2147483647;
			dstPath = "";
			dstSubfolderSpec = 6;
			files = (
				A100010B /* KernovaRelaunchHelper in Embed Helpers */,
			);
			name = "Embed Helpers";
			runOnlyForDeploymentPostprocessing = 0;
		};
		A100040E /* Embed Foundation Extensions */ = {
			isa = PBXCopyFilesBuildPhase;
			buildActionMask = 2147483647;
			dstPath = "";
			dstSubfolderSpec = 13;
			files = (
				A100040D /* KernovaQuickLook.appex in Embed Foundation Extensions */,
				A100060D /* KernovaFileProvider.appex in Embed Foundation Extensions */,
			);
			name = "Embed Foundation Extensions";
			runOnlyForDeploymentPostprocessing = 0;
		};
		A100050E /* Embed Foundation Extensions */ = {
			isa = PBXCopyFilesBuildPhase;
			buildActionMask = 2147483647;
			dstPath = "";
			dstSubfolderSpec = 13;
			files = (
				A100050D /* KernovaMacOSAgentFileProvider.appex in Embed Foundation Extensions */,
			);
			name = "Embed Foundation Extensions";
			runOnlyForDeploymentPostprocessing = 0;
		};
/* End PBXCopyFilesBuildPhase section */

/* Begin PBXFileReference section */
		A1000004 /* Kernova.app */ = {isa = PBXFileReference; explicitFileType = wrapper.application; includeInIndex = 0; path = Kernova.app; sourceTree = BUILT_PRODUCTS_DIR; };
		A1000005 /* KernovaTests.xctest */ = {isa = PBXFileReference; explicitFileType = wrapper.cfbundle; includeInIndex = 0; path = KernovaTests.xctest; sourceTree = BUILT_PRODUCTS_DIR; };
		A10000F0 /* DiskTemplates */ = {isa = PBXFileReference; lastKnownFileType = folder; path = DiskTemplates; sourceTree = "<group>"; };
		A1000100 /* KernovaRelaunchHelper */ = {isa = PBXFileReference; explicitFileType = "compiled.mach-o.executable"; includeInIndex = 0; path = KernovaRelaunchHelper; sourceTree = BUILT_PRODUCTS_DIR; };
		A1000200 /* Kernova Guest Agent.app */ = {isa = PBXFileReference; explicitFileType = wrapper.application; includeInIndex = 0; path = "Kernova Guest Agent.app"; sourceTree = BUILT_PRODUCTS_DIR; };
		A1000300 /* KernovaMacOSAgentTests.xctest */ = {isa = PBXFileReference; explicitFileType = wrapper.cfbundle; includeInIndex = 0; path = KernovaMacOSAgentTests.xctest; sourceTree = BUILT_PRODUCTS_DIR; };
		A1000400 /* KernovaQuickLook.appex */ = {isa = PBXFileReference; explicitFileType = "wrapper.app-extension"; includeInIndex = 0; path = KernovaQuickLook.appex; sourceTree = BUILT_PRODUCTS_DIR; };
		A1000500 /* KernovaMacOSAgentFileProvider.appex */ = {isa = PBXFileReference; explicitFileType = "wrapper.app-extension"; includeInIndex = 0; path = KernovaMacOSAgentFileProvider.appex; sourceTree = BUILT_PRODUCTS_DIR; };
		A1000600 /* KernovaFileProvider.appex */ = {isa = PBXFileReference; explicitFileType = "wrapper.app-extension"; includeInIndex = 0; path = KernovaFileProvider.appex; sourceTree = BUILT_PRODUCTS_DIR; };
		B62FC33F2FAFDBB1003775B7 /* KernovaKit */ = {isa = PBXFileReference; lastKnownFileType = wrapper; path = KernovaKit; sourceTree = "<group>"; };
		28934EC9D674276AC8786B9A /* Base.xcconfig */ = {isa = PBXFileReference; lastKnownFileType = text.xcconfig; path = Base.xcconfig; sourceTree = "<group>"; };
/* End PBXFileReference section */

/* Begin PBXFileSystemSynchronizedBuildFileExceptionSet section */
		A10000E0 /* Exceptions for "Kernova" folder in "Kernova" target */ = {
			isa = PBXFileSystemSynchronizedBuildFileExceptionSet;
			membershipExceptions = (
				App/Info.plist,
			);
			target = A1000003 /* Kernova */;
		};
		A1000308 /* Exceptions for "KernovaMacOSAgent" folder in "KernovaMacOSAgentTests" target */ = {
			isa = PBXFileSystemSynchronizedBuildFileExceptionSet;
			membershipExceptions = (
				app.kernova.macosagent.plist,
				Assets.xcassets,
				AgentAppDelegate.swift,
				Info.plist,
				install.command,
				uninstall.command,
			);
			target = A1000303 /* KernovaMacOSAgentTests */;
		};
		A100020D /* Exceptions for "KernovaMacOSAgent" folder in "KernovaMacOSAgent" target */ = {
			isa = PBXFileSystemSynchronizedBuildFileExceptionSet;
			membershipExceptions = (
				Info.plist,
			);
			target = A1000204 /* KernovaMacOSAgent */;
		};
		A1000409 /* Exceptions for "KernovaQuickLook" folder in "Kernova" target */ = {
			isa = PBXFileSystemSynchronizedBuildFileExceptionSet;
			membershipExceptions = (
				VMPreviewModel.swift,
			);
			target = A1000003 /* Kernova */;
		};
		A100040A /* Exceptions for "Kernova" folder in "KernovaQuickLook" target */ = {
			isa = PBXFileSystemSynchronizedBuildFileExceptionSet;
			membershipExceptions = (
				Models/MacOSInstallContext.swift,
				Models/StorageDisk.swift,
				Models/VMBootMode.swift,
				Models/VMBundleLayout.swift,
				Models/VMConfiguration.swift,
				Models/VMGuestOS.swift,
				Utilities/DataFormatters.swift,
				Utilities/DiskSubtitle.swift,
				Utilities/UniqueName.swift,
			);
			target = A1000404 /* KernovaQuickLook */;
		};
/* End PBXFileSystemSynchronizedBuildFileExceptionSet section */

/* Begin PBXFileSystemSynchronizedRootGroup section */
		A1000006 /* Kernova */ = {
			isa = PBXFileSystemSynchronizedRootGroup;
			exceptions = (
				A10000E0 /* Exceptions for "Kernova" folder in "Kernova" target */,
				A100040A /* Exceptions for "Kernova" folder in "KernovaQuickLook" target */,
			);
			path = Kernova;
			sourceTree = "<group>";
		};
		A1000007 /* KernovaTests */ = {
			isa = PBXFileSystemSynchronizedRootGroup;
			path = KernovaTests;
			sourceTree = "<group>";
		};
		A1000101 /* KernovaRelaunchHelper */ = {
			isa = PBXFileSystemSynchronizedRootGroup;
			path = KernovaRelaunchHelper;
			sourceTree = "<group>";
		};
		A1000201 /* KernovaMacOSAgent */ = {
			isa = PBXFileSystemSynchronizedRootGroup;
			exceptions = (
				A100020D /* Exceptions for "KernovaMacOSAgent" folder in "KernovaMacOSAgent" target */,
				A1000308 /* Exceptions for "KernovaMacOSAgent" folder in "KernovaMacOSAgentTests" target */,
			);
			path = KernovaMacOSAgent;
			sourceTree = "<group>";
		};
		A1000302 /* KernovaMacOSAgentTests */ = {
			isa = PBXFileSystemSynchronizedRootGroup;
			path = KernovaMacOSAgentTests;
			sourceTree = "<group>";
		};
		A1000401 /* KernovaQuickLook */ = {
			isa = PBXFileSystemSynchronizedRootGroup;
			exceptions = (
				A1000409 /* Exceptions for "KernovaQuickLook" folder in "Kernova" target */,
			);
			path = KernovaQuickLook;
			sourceTree = "<group>";
		};
		A1000501 /* KernovaMacOSAgentFileProvider */ = {
			isa = PBXFileSystemSynchronizedRootGroup;
			path = KernovaMacOSAgentFileProvider;
			sourceTree = "<group>";
		};
		A1000601 /* KernovaFileProvider */ = {
			isa = PBXFileSystemSynchronizedRootGroup;
			path = KernovaFileProvider;
			sourceTree = "<group>";
		};
/* End PBXFileSystemSynchronizedRootGroup section */

/* Begin PBXFrameworksBuildPhase section */
		A1000010 /* Frameworks */ = {
			isa = PBXFrameworksBuildPhase;
			buildActionMask = 2147483647;
			files = (
				A2000001 /* KernovaKit in Frameworks */,
			);
			runOnlyForDeploymentPostprocessing = 0;
		};
		A1000011 /* Frameworks */ = {
			isa = PBXFrameworksBuildPhase;
			buildActionMask = 2147483647;
			files = (
				A200000C /* KernovaTestSupport in Frameworks */,
			);
			runOnlyForDeploymentPostprocessing = 0;
		};
		A1000104 /* Frameworks */ = {
			isa = PBXFrameworksBuildPhase;
			buildActionMask = 2147483647;
			files = (
			);
			runOnlyForDeploymentPostprocessing = 0;
		};
		A1000203 /* Frameworks */ = {
			isa = PBXFrameworksBuildPhase;
			buildActionMask = 2147483647;
			files = (
				A2000004 /* KernovaKit in Frameworks */,
			);
			runOnlyForDeploymentPostprocessing = 0;
		};
		A1000305 /* Frameworks */ = {
			isa = PBXFrameworksBuildPhase;
			buildActionMask = 2147483647;
			files = (
				A2000006 /* KernovaKit in Frameworks */,
				A200000E /* KernovaTestSupport in Frameworks */,
			);
			runOnlyForDeploymentPostprocessing = 0;
		};
		A1000403 /* Frameworks */ = {
			isa = PBXFrameworksBuildPhase;
			buildActionMask = 2147483647;
			files = (
			);
			runOnlyForDeploymentPostprocessing = 0;
		};
		A1000503 /* Frameworks */ = {
			isa = PBXFrameworksBuildPhase;
			buildActionMask = 2147483647;
			files = (
				A2000009 /* KernovaKit in Frameworks */,
			);
			runOnlyForDeploymentPostprocessing = 0;
		};
		A1000603 /* Frameworks */ = {
			isa = PBXFrameworksBuildPhase;
			buildActionMask = 2147483647;
			files = (
				A200000A /* KernovaKit in Frameworks */,
			);
			runOnlyForDeploymentPostprocessing = 0;
		};
/* End PBXFrameworksBuildPhase section */

/* Begin PBXGroup section */
		28934EC9D674276AC8786B9B /* Config */ = {
			isa = PBXGroup;
			children = (
				28934EC9D674276AC8786B9A /* Base.xcconfig */,
			);
			path = Config;
			sourceTree = "<group>";
		};
		A1000020 = {
			isa = PBXGroup;
			children = (
				28934EC9D674276AC8786B9B /* Config */,
				A1000006 /* Kernova */,
				A1000007 /* KernovaTests */,
				A1000101 /* KernovaRelaunchHelper */,
				A1000201 /* KernovaMacOSAgent */,
				A1000302 /* KernovaMacOSAgentTests */,
				A1000401 /* KernovaQuickLook */,
				A1000501 /* KernovaMacOSAgentFileProvider */,
				A1000601 /* KernovaFileProvider */,
				B62FC33F2FAFDBB1003775B7 /* KernovaKit */,
				A10000F0 /* DiskTemplates */,
				A1000021 /* Products */,
			);
			sourceTree = "<group>";
		};
		A1000021 /* Products */ = {
			isa = PBXGroup;
			children = (
				A1000004 /* Kernova.app */,
				A1000005 /* KernovaTests.xctest */,
				A1000100 /* KernovaRelaunchHelper */,
				A1000200 /* Kernova Guest Agent.app */,
				A1000300 /* KernovaMacOSAgentTests.xctest */,
				A1000400 /* KernovaQuickLook.appex */,
				A1000500 /* KernovaMacOSAgentFileProvider.appex */,
				A1000600 /* KernovaFileProvider.appex */,
			);
			name = Products;
			sourceTree = "<group>";
		};
/* End PBXGroup section */

/* Begin PBXNativeTarget section */
		A1000003 /* Kernova */ = {
			isa = PBXNativeTarget;
			buildConfigurationList = A1000030 /* Build configuration list for PBXNativeTarget "Kernova" */;
			buildPhases = (
				A10000D0 /* Set Build Number from Git */,
				A1000040 /* Sources */,
				A1000010 /* Frameworks */,
				A1000050 /* Resources */,
				A100010A /* Embed Helpers */,
				A100040E /* Embed Foundation Extensions */,
				A100020A /* Package Guest Agent DMG */,
			);
			buildRules = (
			);
			dependencies = (
				A1000109 /* PBXTargetDependency */,
				A1000206 /* PBXTargetDependency */,
				A100040C /* PBXTargetDependency */,
				A100060C /* PBXTargetDependency */,
			);
			fileSystemSynchronizedGroups = (
				A1000006 /* Kernova */,
			);
			name = Kernova;
			packageProductDependencies = (
				A2000002 /* KernovaKit */,
			);
			productName = Kernova;
			productReference = A1000004 /* Kernova.app */;
			productType = "com.apple.product-type.application";
		};
		A1000060 /* KernovaTests */ = {
			isa = PBXNativeTarget;
			buildConfigurationList = A1000031 /* Build configuration list for PBXNativeTarget "KernovaTests" */;
			buildPhases = (
				A1000041 /* Sources */,
				A1000011 /* Frameworks */,
				A1000051 /* Resources */,
			);
			buildRules = (
			);
			dependencies = (
				A1000070 /* PBXTargetDependency */,
			);
			fileSystemSynchronizedGroups = (
				A1000007 /* KernovaTests */,
			);
			name = KernovaTests;
			packageProductDependencies = (
				A200000D /* KernovaTestSupport */,
			);
			productName = KernovaTests;
			productReference = A1000005 /* KernovaTests.xctest */;
			productType = "com.apple.product-type.bundle.unit-test";
		};
		A1000102 /* KernovaRelaunchHelper */ = {
			isa = PBXNativeTarget;
			buildConfigurationList = A1000107 /* Build configuration list for PBXNativeTarget "KernovaRelaunchHelper" */;
			buildPhases = (
				A1000103 /* Sources */,
				A1000104 /* Frameworks */,
			);
			buildRules = (
			);
			dependencies = (
			);
			fileSystemSynchronizedGroups = (
				A1000101 /* KernovaRelaunchHelper */,
			);
			name = KernovaRelaunchHelper;
			packageProductDependencies = (
			);
			productName = KernovaRelaunchHelper;
			productReference = A1000100 /* KernovaRelaunchHelper */;
			productType = "com.apple.product-type.tool";
		};
		A1000204 /* KernovaMacOSAgent */ = {
			isa = PBXNativeTarget;
			buildConfigurationList = A1000209 /* Build configuration list for PBXNativeTarget "KernovaMacOSAgent" */;
			buildPhases = (
				A100020C /* Set Build Number from Git */,
				A1000202 /* Sources */,
				A1000203 /* Frameworks */,
				A100020B /* Resources */,
				A100050E /* Embed Foundation Extensions */,
			);
			buildRules = (
			);
			dependencies = (
				A100050C /* PBXTargetDependency */,
			);
			fileSystemSynchronizedGroups = (
				A1000201 /* KernovaMacOSAgent */,
			);
			name = KernovaMacOSAgent;
			packageProductDependencies = (
				A2000005 /* KernovaKit */,
			);
			productName = KernovaMacOSAgent;
			productReference = A1000200 /* Kernova Guest Agent.app */;
			productType = "com.apple.product-type.application";
		};
		A1000303 /* KernovaMacOSAgentTests */ = {
			isa = PBXNativeTarget;
			buildConfigurationList = A1000309 /* Build configuration list for PBXNativeTarget "KernovaMacOSAgentTests" */;
			buildPhases = (
				A1000304 /* Sources */,
				A1000305 /* Frameworks */,
				A1000306 /* Resources */,
			);
			buildRules = (
			);
			dependencies = (
				A1000307 /* PBXTargetDependency */,
			);
			fileSystemSynchronizedGroups = (
				A1000201 /* KernovaMacOSAgent */,
				A1000302 /* KernovaMacOSAgentTests */,
			);
			name = KernovaMacOSAgentTests;
			packageProductDependencies = (
				A2000007 /* KernovaKit */,
				A200000F /* KernovaTestSupport */,
			);
			productName = KernovaMacOSAgentTests;
			productReference = A1000300 /* KernovaMacOSAgentTests.xctest */;
			productType = "com.apple.product-type.bundle.unit-test";
		};
		A1000404 /* KernovaQuickLook */ = {
			isa = PBXNativeTarget;
			buildConfigurationList = A1000407 /* Build configuration list for PBXNativeTarget "KernovaQuickLook" */;
			buildPhases = (
				A100040F /* Set Build Number from Git */,
				A1000402 /* Sources */,
				A1000403 /* Frameworks */,
			);
			buildRules = (
			);
			dependencies = (
			);
			fileSystemSynchronizedGroups = (
				A1000401 /* KernovaQuickLook */,
			);
			name = KernovaQuickLook;
			packageProductDependencies = (
			);
			productName = KernovaQuickLook;
			productReference = A1000400 /* KernovaQuickLook.appex */;
			productType = "com.apple.product-type.app-extension";
		};
		A1000504 /* KernovaMacOSAgentFileProvider */ = {
			isa = PBXNativeTarget;
			buildConfigurationList = A1000507 /* Build configuration list for PBXNativeTarget "KernovaMacOSAgentFileProvider" */;
			buildPhases = (
				A100050F /* Set Build Number from Git */,
				A1000502 /* Sources */,
				A1000503 /* Frameworks */,
			);
			buildRules = (
			);
			dependencies = (
			);
			fileSystemSynchronizedGroups = (
				A1000501 /* KernovaMacOSAgentFileProvider */,
			);
			name = KernovaMacOSAgentFileProvider;
			packageProductDependencies = (
				A2000008 /* KernovaKit */,
			);
			productName = KernovaMacOSAgentFileProvider;
			productReference = A1000500 /* KernovaMacOSAgentFileProvider.appex */;
			productType = "com.apple.product-type.app-extension";
		};
		A1000604 /* KernovaFileProvider */ = {
			isa = PBXNativeTarget;
			buildConfigurationList = A1000607 /* Build configuration list for PBXNativeTarget "KernovaFileProvider" */;
			buildPhases = (
				A100060F /* Set Build Number from Git */,
				A1000602 /* Sources */,
				A1000603 /* Frameworks */,
			);
			buildRules = (
			);
			dependencies = (
			);
			fileSystemSynchronizedGroups = (
				A1000601 /* KernovaFileProvider */,
			);
			name = KernovaFileProvider;
			packageProductDependencies = (
				A200000B /* KernovaKit */,
			);
			productName = KernovaFileProvider;
			productReference = A1000600 /* KernovaFileProvider.appex */;
			productType = "com.apple.product-type.app-extension";
		};
/* End PBXNativeTarget section */

/* Begin PBXProject section */
		A1000002 /* Project object */ = {
			isa = PBXProject;
			attributes = {
				BuildIndependentTargetsInParallel = 1;
				LastUpgradeCheck = 2630;
				TargetAttributes = {
					A1000003 = {
						CreatedOnToolsVersion = 16.0;
					};
					A1000060 = {
						CreatedOnToolsVersion = 16.0;
						TestTargetID = A1000003;
					};
					A1000102 = {
						CreatedOnToolsVersion = 16.0;
					};
					A1000204 = {
						CreatedOnToolsVersion = 16.0;
					};
					A1000303 = {
						CreatedOnToolsVersion = 16.0;
						TestTargetID = A1000204;
					};
					A1000404 = {
						CreatedOnToolsVersion = 16.0;
					};
					A1000504 = {
						CreatedOnToolsVersion = 16.0;
					};
					A1000604 = {
						CreatedOnToolsVersion = 16.0;
					};
				};
			};
			buildConfigurationList = A1000032 /* Build configuration list for PBXProject "Kernova" */;
			developmentRegion = en;
			hasScannedForEncodings = 0;
			knownRegions = (
				en,
				Base,
			);
			mainGroup = A1000020;
			minimizedProjectReferenceProxies = 1;
			packageReferences = (
			);
			preferredProjectObjectVersion = 77;
			productRefGroup = A1000021 /* Products */;
			projectDirPath = "";
			projectRoot = "";
			targets = (
				A1000003 /* Kernova */,
				A1000102 /* KernovaRelaunchHelper */,
				A1000204 /* KernovaMacOSAgent */,
				A1000404 /* KernovaQuickLook */,
				A1000504 /* KernovaMacOSAgentFileProvider */,
				A1000604 /* KernovaFileProvider */,
				A1000060 /* KernovaTests */,
				A1000303 /* KernovaMacOSAgentTests */,
			);
		};
/* End PBXProject section */

/* Begin PBXResourcesBuildPhase section */
		A1000050 /* Resources */ = {
			isa = PBXResourcesBuildPhase;
			buildActionMask = 2147483647;
			files = (
				A10000F1 /* DiskTemplates in Resources */,
			);
			runOnlyForDeploymentPostprocessing = 0;
		};
		A1000051 /* Resources */ = {
			isa = PBXResourcesBuildPhase;
			buildActionMask = 2147483647;
			files = (
			);
			runOnlyForDeploymentPostprocessing = 0;
		};
		A100020B /* Resources */ = {
			isa = PBXResourcesBuildPhase;
			buildActionMask = 2147483647;
			files = (
			);
			runOnlyForDeploymentPostprocessing = 0;
		};
		A1000306 /* Resources */ = {
			isa = PBXResourcesBuildPhase;
			buildActionMask = 2147483647;
			files = (
			);
			runOnlyForDeploymentPostprocessing = 0;
		};
/* End PBXResourcesBuildPhase section */

/* Begin PBXShellScriptBuildPhase section */
		A10000D0 /* Set Build Number from Git */ = {
			isa = PBXShellScriptBuildPhase;
			alwaysOutOfDate = 1;
			buildActionMask = 2147483647;
			files = (
			);
			inputFileListPaths = (
			);
			inputPaths = (
			);
			name = "Set Build Number from Git";
			outputFileListPaths = (
			);
			outputPaths = (
				"$(DERIVED_FILE_DIR)/KernovaBuildNumber.h",
			);
			runOnlyForDeploymentPostprocessing = 0;
			shellPath = /bin/sh;
			shellScript = "\"${SRCROOT}/Tools/set-build-number.sh\" app\n";
		};
		A100020A /* Package Guest Agent DMG */ = {
			isa = PBXShellScriptBuildPhase;
			buildActionMask = 2147483647;
			files = (
			);
			inputFileListPaths = (
			);
			inputPaths = (
				"$(BUILT_PRODUCTS_DIR)/Kernova Guest Agent.app",
				"$(BUILT_PRODUCTS_DIR)/Kernova Guest Agent.app/Contents/Info.plist",
				"$(BUILT_PRODUCTS_DIR)/Kernova Guest Agent.app/Contents/MacOS/KernovaMacOSAgent",
				"$(BUILT_PRODUCTS_DIR)/Kernova Guest Agent.app/Contents/_CodeSignature/CodeResources",
				"$(SRCROOT)/KernovaMacOSAgent/install.command",
				"$(SRCROOT)/KernovaMacOSAgent/uninstall.command",
				"$(SRCROOT)/KernovaMacOSAgent/app.kernova.macosagent.plist",
			);
			name = "Package Guest Agent DMG";
			outputFileListPaths = (
			);
			outputPaths = (
				"$(BUILT_PRODUCTS_DIR)/$(CONTENTS_FOLDER_PATH)/Resources/KernovaMacOSAgent.dmg",
				"$(BUILT_PRODUCTS_DIR)/$(CONTENTS_FOLDER_PATH)/Resources/KernovaMacOSAgentVersion.txt",
			);
			runOnlyForDeploymentPostprocessing = 0;
			shellPath = /bin/bash;
			shellScript = "set -euo pipefail\n\nSTAGING_DIR=$(mktemp -d \"${DERIVED_FILE_DIR}/guest-agent-dmg-staging.XXXXXX\")\nTEMP_DMG=\"$(mktemp -u \"${DERIVED_FILE_DIR}/guest-agent-temp.XXXXXX\").dmg\"\ntrap 'rm -rf \"${STAGING_DIR}\" \"${TEMP_DMG}\"' EXIT\n\nRAW_PREFIX=\"${DERIVED_FILE_DIR}/guest-agent-raw\"\nDMG_OUTPUT=\"${BUILT_PRODUCTS_DIR}/${CONTENTS_FOLDER_PATH}/Resources/KernovaMacOSAgent.dmg\"\nVERSION_OUTPUT=\"${BUILT_PRODUCTS_DIR}/${CONTENTS_FOLDER_PATH}/Resources/KernovaMacOSAgentVersion.txt\"\n\nditto \"${BUILT_PRODUCTS_DIR}/Kernova Guest Agent.app\" \"${STAGING_DIR}/Kernova Guest Agent.app\"\ncp \"${SRCROOT}/KernovaMacOSAgent/install.command\" \"${STAGING_DIR}/install.command\"\ncp \"${SRCROOT}/KernovaMacOSAgent/uninstall.command\" \"${STAGING_DIR}/uninstall.command\"\nchmod +x \"${STAGING_DIR}/install.command\" \"${STAGING_DIR}/uninstall.command\"\ncp \"${SRCROOT}/KernovaMacOSAgent/app.kernova.macosagent.plist\" \"${STAGING_DIR}/app.kernova.macosagent.plist\"\n\nmkdir -p \"$(dirname \"${DMG_OUTPUT}\")\"\n\n# Create a UDRW DMG then convert to DVD/CD-R master (UDTO/.cdr).\n# VZDiskImageStorageDeviceAttachment needs a format it can present as a\n# USB block device — the .cdr export works reliably for guest-mountable volumes.\nhdiutil create \\\n    -volname \"Kernova Guest Agent\" \\\n    -srcfolder \"${STAGING_DIR}\" \\\n    -ov -format UDRW \\\n    \"${TEMP_DMG}\"\nhdiutil convert \"${TEMP_DMG}\" -format UDTO -ov -o \"${RAW_PREFIX}\"\nmv \"${RAW_PREFIX}.cdr\" \"${DMG_OUTPUT}\"\n\n# Strip extended attributes that break code signing\nxattr -cr \"${DMG_OUTPUT}\"\n\n# Extract the agent's CFBundleShortVersionString from the app bundle's Info.plist\n# and write a sidecar the host reads at runtime. Keeping the agent bundle as the\n# single source of truth means the host cannot drift from what it actually ships.\nAGENT_VERSION=$(plutil -extract CFBundleShortVersionString raw \"${BUILT_PRODUCTS_DIR}/Kernova Guest Agent.app/Contents/Info.plist\")\nif [ -z \"${AGENT_VERSION}\" ]; then\n    echo \"error: Could not extract agent version from app bundle\" >&2\n    exit 1\nfi\nprintf '%s' \"${AGENT_VERSION}\" > \"${VERSION_OUTPUT}\"\n";
		};
		A100020C /* Set Build Number from Git */ = {
			isa = PBXShellScriptBuildPhase;
			alwaysOutOfDate = 1;
			buildActionMask = 2147483647;
			files = (
			);
			inputFileListPaths = (
			);
			inputPaths = (
			);
			name = "Set Build Number from Git";
			outputFileListPaths = (
			);
			outputPaths = (
				"$(DERIVED_FILE_DIR)/AgentBuildNumber.h",
			);
			runOnlyForDeploymentPostprocessing = 0;
			shellPath = /bin/sh;
			shellScript = "\"${SRCROOT}/Tools/set-build-number.sh\" agent\n";
		};
		A100040F /* Set Build Number from Git */ = {
			isa = PBXShellScriptBuildPhase;
			alwaysOutOfDate = 1;
			buildActionMask = 2147483647;
			files = (
			);
			inputFileListPaths = (
			);
			inputPaths = (
			);
			name = "Set Build Number from Git";
			outputFileListPaths = (
			);
			outputPaths = (
				"$(DERIVED_FILE_DIR)/KernovaBuildNumber.h",
			);
			runOnlyForDeploymentPostprocessing = 0;
			shellPath = /bin/sh;
			shellScript = "\"${SRCROOT}/Tools/set-build-number.sh\" app\n";
		};
		A100050F /* Set Build Number from Git */ = {
			isa = PBXShellScriptBuildPhase;
			alwaysOutOfDate = 1;
			buildActionMask = 2147483647;
			files = (
			);
			inputFileListPaths = (
			);
			inputPaths = (
			);
			name = "Set Build Number from Git";
			outputFileListPaths = (
			);
			outputPaths = (
				"$(DERIVED_FILE_DIR)/AgentBuildNumber.h",
			);
			runOnlyForDeploymentPostprocessing = 0;
			shellPath = /bin/sh;
			shellScript = "\"${SRCROOT}/Tools/set-build-number.sh\" agent\n";
		};
		A100060F /* Set Build Number from Git */ = {
			isa = PBXShellScriptBuildPhase;
			alwaysOutOfDate = 1;
			buildActionMask = 2147483647;
			files = (
			);
			inputFileListPaths = (
			);
			inputPaths = (
			);
			name = "Set Build Number from Git";
			outputFileListPaths = (
			);
			outputPaths = (
				"$(DERIVED_FILE_DIR)/KernovaBuildNumber.h",
			);
			runOnlyForDeploymentPostprocessing = 0;
			shellPath = /bin/sh;
			shellScript = "\"${SRCROOT}/Tools/set-build-number.sh\" app\n";
		};
/* End PBXShellScriptBuildPhase section */

/* Begin PBXSourcesBuildPhase section */
		A1000040 /* Sources */ = {
			isa = PBXSourcesBuildPhase;
			buildActionMask = 2147483647;
			files = (
			);
			runOnlyForDeploymentPostprocessing = 0;
		};
		A1000041 /* Sources */ = {
			isa = PBXSourcesBuildPhase;
			buildActionMask = 2147483647;
			files = (
			);
			runOnlyForDeploymentPostprocessing = 0;
		};
		A1000103 /* Sources */ = {
			isa = PBXSourcesBuildPhase;
			buildActionMask = 2147483647;
			files = (
			);
			runOnlyForDeploymentPostprocessing = 0;
		};
		A1000202 /* Sources */ = {
			isa = PBXSourcesBuildPhase;
			buildActionMask = 2147483647;
			files = (
			);
			runOnlyForDeploymentPostprocessing = 0;
		};
		A1000304 /* Sources */ = {
			isa = PBXSourcesBuildPhase;
			buildActionMask = 2147483647;
			files = (
			);
			runOnlyForDeploymentPostprocessing = 0;
		};
		A1000402 /* Sources */ = {
			isa = PBXSourcesBuildPhase;
			buildActionMask = 2147483647;
			files = (
			);
			runOnlyForDeploymentPostprocessing = 0;
		};
		A1000502 /* Sources */ = {
			isa = PBXSourcesBuildPhase;
			buildActionMask = 2147483647;
			files = (
			);
			runOnlyForDeploymentPostprocessing = 0;
		};
		A1000602 /* Sources */ = {
			isa = PBXSourcesBuildPhase;
			buildActionMask = 2147483647;
			files = (
			);
			runOnlyForDeploymentPostprocessing = 0;
		};
/* End PBXSourcesBuildPhase section */

/* Begin PBXTargetDependency section */
		A1000070 /* PBXTargetDependency */ = {
			isa = PBXTargetDependency;
			target = A1000003 /* Kernova */;
			targetProxy = A1000001 /* PBXContainerItemProxy */;
		};
		A1000109 /* PBXTargetDependency */ = {
			isa = PBXTargetDependency;
			target = A1000102 /* KernovaRelaunchHelper */;
			targetProxy = A1000108 /* PBXContainerItemProxy */;
		};
		A1000206 /* PBXTargetDependency */ = {
			isa = PBXTargetDependency;
			target = A1000204 /* KernovaMacOSAgent */;
			targetProxy = A1000205 /* PBXContainerItemProxy */;
		};
		A1000307 /* PBXTargetDependency */ = {
			isa = PBXTargetDependency;
			target = A1000204 /* KernovaMacOSAgent */;
			targetProxy = A1000301 /* PBXContainerItemProxy */;
		};
		A100040C /* PBXTargetDependency */ = {
			isa = PBXTargetDependency;
			target = A1000404 /* KernovaQuickLook */;
			targetProxy = A100040B /* PBXContainerItemProxy */;
		};
		A100050C /* PBXTargetDependency */ = {
			isa = PBXTargetDependency;
			target = A1000504 /* KernovaMacOSAgentFileProvider */;
			targetProxy = A100050B /* PBXContainerItemProxy */;
		};
		A100060C /* PBXTargetDependency */ = {
			isa = PBXTargetDependency;
			target = A1000604 /* KernovaFileProvider */;
			targetProxy = A100060B /* PBXContainerItemProxy */;
		};
/* End PBXTargetDependency section */

/* Begin XCBuildConfiguration section */
		A10000A0 /* Debug */ = {
			isa = XCBuildConfiguration;
			baseConfigurationReference = 28934EC9D674276AC8786B9A /* Base.xcconfig */;
			buildSettings = {
				ALWAYS_SEARCH_USER_PATHS = NO;
				ARCHS = arm64;
				ASSETCATALOG_COMPILER_GENERATE_SWIFT_ASSET_SYMBOL_EXTENSIONS = YES;
				CLANG_ANALYZER_NONNULL = YES;
				CLANG_ANALYZER_NUMBER_OBJECT_CONVERSION = YES_AGGRESSIVE;
				CLANG_CXX_LANGUAGE_STANDARD = "gnu++20";
				CLANG_ENABLE_MODULES = YES;
				CLANG_ENABLE_OBJC_ARC = YES;
				CLANG_ENABLE_OBJC_WEAK = YES;
				CLANG_WARN_BLOCK_CAPTURE_AUTORELEASING = YES;
				CLANG_WARN_BOOL_CONVERSION = YES;
				CLANG_WARN_COMMA = YES;
				CLANG_WARN_CONSTANT_CONVERSION = YES;
				CLANG_WARN_DEPRECATED_OBJC_IMPLEMENTATIONS = YES;
				CLANG_WARN_DIRECT_OBJC_ISA_USAGE = YES_ERROR;
				CLANG_WARN_DOCUMENTATION_COMMENTS = YES;
				CLANG_WARN_EMPTY_BODY = YES;
				CLANG_WARN_ENUM_CONVERSION = YES;
				CLANG_WARN_INFINITE_RECURSION = YES;
				CLANG_WARN_INT_CONVERSION = YES;
				CLANG_WARN_NON_LITERAL_NULL_CONVERSION = YES;
				CLANG_WARN_OBJC_IMPLICIT_RETAIN_SELF = YES;
				CLANG_WARN_OBJC_LITERAL_CONVERSION = YES;
				CLANG_WARN_OBJC_ROOT_CLASS = YES_ERROR;
				CLANG_WARN_QUOTED_INCLUDE_IN_FRAMEWORK_HEADER = YES;
				CLANG_WARN_RANGE_LOOP_ANALYSIS = YES;
				CLANG_WARN_STRICT_PROTOTYPES = YES;
				CLANG_WARN_SUSPICIOUS_MOVE = YES;
				CLANG_WARN_UNGUARDED_AVAILABILITY = YES_AGGRESSIVE;
				CLANG_WARN_UNREACHABLE_CODE = YES;
				CLANG_WARN__DUPLICATE_METHOD_MATCH = YES;
				COPY_PHASE_STRIP = NO;
				DEAD_CODE_STRIPPING = YES;
				DEBUG_INFORMATION_FORMAT = dwarf;
				ENABLE_STRICT_OBJC_MSGSEND = YES;
				ENABLE_TESTABILITY = YES;
				ENABLE_USER_SCRIPT_SANDBOXING = NO;
				GCC_C_LANGUAGE_STANDARD = gnu17;
				GCC_DYNAMIC_NO_PIC = NO;
				GCC_NO_COMMON_BLOCKS = YES;
				GCC_OPTIMIZATION_LEVEL = 0;
				GCC_PREPROCESSOR_DEFINITIONS = (
					"DEBUG=1",
					"$(inherited)",
				);
				GCC_WARN_64_TO_32_BIT_CONVERSION = YES;
				GCC_WARN_ABOUT_RETURN_TYPE = YES_ERROR;
				GCC_WARN_UNDECLARED_SELECTOR = YES;
				GCC_WARN_UNINITIALIZED_AUTOS = YES_AGGRESSIVE;
				GCC_WARN_UNUSED_FUNCTION = YES;
				GCC_WARN_UNUSED_VARIABLE = YES;
				KERNOVA_APP_GROUP = "$(DEVELOPMENT_TEAM).app.kernova";
				MACOSX_DEPLOYMENT_TARGET = 26.0;
				MTL_ENABLE_DEBUG_INFO = INCLUDE_SOURCE;
				MTL_FAST_MATH = YES;
				ONLY_ACTIVE_ARCH = YES;
				SDKROOT = macosx;
				STRING_CATALOG_GENERATE_SYMBOLS = YES;
				SWIFT_ACTIVE_COMPILATION_CONDITIONS = "DEBUG $(inherited)";
				SWIFT_OPTIMIZATION_LEVEL = "-Onone";
				SWIFT_STRICT_CONCURRENCY = complete;
				SWIFT_VERSION = 6.0;
			};
			name = Debug;
		};
		A10000A1 /* Release */ = {
			isa = XCBuildConfiguration;
			baseConfigurationReference = 28934EC9D674276AC8786B9A /* Base.xcconfig */;
			buildSettings = {
				ALWAYS_SEARCH_USER_PATHS = NO;
				ARCHS = arm64;
				ASSETCATALOG_COMPILER_GENERATE_SWIFT_ASSET_SYMBOL_EXTENSIONS = YES;
				CLANG_ANALYZER_NONNULL = YES;
				CLANG_ANALYZER_NUMBER_OBJECT_CONVERSION = YES_AGGRESSIVE;
				CLANG_CXX_LANGUAGE_STANDARD = "gnu++20";
				CLANG_ENABLE_MODULES = YES;
				CLANG_ENABLE_OBJC_ARC = YES;
				CLANG_ENABLE_OBJC_WEAK = YES;
				CLANG_WARN_BLOCK_CAPTURE_AUTORELEASING = YES;
				CLANG_WARN_BOOL_CONVERSION = YES;
				CLANG_WARN_COMMA = YES;
				CLANG_WARN_CONSTANT_CONVERSION = YES;
				CLANG_WARN_DEPRECATED_OBJC_IMPLEMENTATIONS = YES;
				CLANG_WARN_DIRECT_OBJC_ISA_USAGE = YES_ERROR;
				CLANG_WARN_DOCUMENTATION_COMMENTS = YES;
				CLANG_WARN_EMPTY_BODY = YES;
				CLANG_WARN_ENUM_CONVERSION = YES;
				CLANG_WARN_INFINITE_RECURSION = YES;
				CLANG_WARN_INT_CONVERSION = YES;
				CLANG_WARN_NON_LITERAL_NULL_CONVERSION = YES;
				CLANG_WARN_OBJC_IMPLICIT_RETAIN_SELF = YES;
				CLANG_WARN_OBJC_LITERAL_CONVERSION = YES;
				CLANG_WARN_OBJC_ROOT_CLASS = YES_ERROR;
				CLANG_WARN_QUOTED_INCLUDE_IN_FRAMEWORK_HEADER = YES;
				CLANG_WARN_RANGE_LOOP_ANALYSIS = YES;
				CLANG_WARN_STRICT_PROTOTYPES = YES;
				CLANG_WARN_SUSPICIOUS_MOVE = YES;
				CLANG_WARN_UNGUARDED_AVAILABILITY = YES_AGGRESSIVE;
				CLANG_WARN_UNREACHABLE_CODE = YES;
				CLANG_WARN__DUPLICATE_METHOD_MATCH = YES;
				COPY_PHASE_STRIP = NO;
				DEAD_CODE_STRIPPING = YES;
				DEBUG_INFORMATION_FORMAT = "dwarf-with-dsym";
				ENABLE_NS_ASSERTIONS = NO;
				ENABLE_STRICT_OBJC_MSGSEND = YES;
				ENABLE_USER_SCRIPT_SANDBOXING = NO;
				GCC_C_LANGUAGE_STANDARD = gnu17;
				GCC_NO_COMMON_BLOCKS = YES;
				GCC_WARN_64_TO_32_BIT_CONVERSION = YES;
				GCC_WARN_ABOUT_RETURN_TYPE = YES_ERROR;
				GCC_WARN_UNDECLARED_SELECTOR = YES;
				GCC_WARN_UNINITIALIZED_AUTOS = YES_AGGRESSIVE;
				GCC_WARN_UNUSED_FUNCTION = YES;
				GCC_WARN_UNUSED_VARIABLE = YES;
				KERNOVA_APP_GROUP = group.app.kernova;
				MACOSX_DEPLOYMENT_TARGET = 26.0;
				MTL_ENABLE_DEBUG_INFO = NO;
				MTL_FAST_MATH = YES;
				SDKROOT = macosx;
				STRING_CATALOG_GENERATE_SYMBOLS = YES;
				SWIFT_COMPILATION_MODE = wholemodule;
				SWIFT_STRICT_CONCURRENCY = complete;
				SWIFT_VERSION = 6.0;
			};
			name = Release;
		};
		A10000B0 /* Debug */ = {
			isa = XCBuildConfiguration;
			buildSettings = {
				ASSETCATALOG_COMPILER_APPICON_NAME = AppIcon;
				CODE_SIGN_ENTITLEMENTS = Kernova/Resources/Kernova.entitlements;
				"CODE_SIGN_IDENTITY[sdk=macosx*]" = "Apple Development";
				CODE_SIGN_STYLE = Automatic;
				COMBINE_HIDPI_IMAGES = YES;
				CURRENT_PROJECT_VERSION = 1;
				DEAD_CODE_STRIPPING = YES;
				GENERATE_INFOPLIST_FILE = NO;
				INFOPLIST_FILE = Kernova/App/Info.plist;
				INFOPLIST_KEY_NSHumanReadableCopyright = "Copyright 2025–2026 Nicholas Lonsinger. All rights reserved.";
				INFOPLIST_KEY_NSPrincipalClass = NSApplication;
				INFOPLIST_PREFIX_HEADER = "$(DERIVED_FILE_DIR)/KernovaBuildNumber.h";
				INFOPLIST_PREPROCESS = YES;
				LD_RUNPATH_SEARCH_PATHS = (
					"$(inherited)",
					"@executable_path/../Frameworks",
				);
				MARKETING_VERSION = 0.9.1;
				PRODUCT_BUNDLE_IDENTIFIER = app.kernova;
				PRODUCT_NAME = "$(TARGET_NAME)";
				SWIFT_EMIT_LOC_STRINGS = YES;
				SWIFT_VERSION = 6.0;
			};
			name = Debug;
		};
		A10000B1 /* Release */ = {
			isa = XCBuildConfiguration;
			buildSettings = {
				ASSETCATALOG_COMPILER_APPICON_NAME = AppIcon;
				CODE_SIGN_ENTITLEMENTS = Kernova/Resources/Kernova.entitlements;
				"CODE_SIGN_IDENTITY[sdk=macosx*]" = "Apple Development";
				CODE_SIGN_STYLE = Automatic;
				COMBINE_HIDPI_IMAGES = YES;
				CURRENT_PROJECT_VERSION = 1;
				DEAD_CODE_STRIPPING = YES;
				ENABLE_HARDENED_RUNTIME = YES;
				REGISTER_APP_GROUPS = YES;
				GENERATE_INFOPLIST_FILE = NO;
				INFOPLIST_FILE = Kernova/App/Info.plist;
				INFOPLIST_KEY_NSHumanReadableCopyright = "Copyright 2025–2026 Nicholas Lonsinger. All rights reserved.";
				INFOPLIST_KEY_NSPrincipalClass = NSApplication;
				INFOPLIST_PREFIX_HEADER = "$(DERIVED_FILE_DIR)/KernovaBuildNumber.h";
				INFOPLIST_PREPROCESS = YES;
				LD_RUNPATH_SEARCH_PATHS = (
					"$(inherited)",
					"@executable_path/../Frameworks",
				);
				MARKETING_VERSION = 0.9.1;
				PRODUCT_BUNDLE_IDENTIFIER = app.kernova;
				PRODUCT_NAME = "$(TARGET_NAME)";
				SWIFT_EMIT_LOC_STRINGS = YES;
				SWIFT_VERSION = 6.0;
			};
			name = Release;
		};
		A10000C0 /* Debug */ = {
			isa = XCBuildConfiguration;
			buildSettings = {
				BUNDLE_LOADER = "$(TEST_HOST)";
				CODE_SIGN_STYLE = Automatic;
				CURRENT_PROJECT_VERSION = 1;
				DEAD_CODE_STRIPPING = YES;
				GENERATE_INFOPLIST_FILE = YES;
				MARKETING_VERSION = 0.9.1;
				PRODUCT_BUNDLE_IDENTIFIER = app.kernova.tests;
				PRODUCT_NAME = "$(TARGET_NAME)";
				SWIFT_EMIT_LOC_STRINGS = NO;
				SWIFT_VERSION = 6.0;
				TEST_HOST = "$(BUILT_PRODUCTS_DIR)/Kernova.app/$(BUNDLE_EXECUTABLE_FOLDER_PATH)/Kernova";
			};
			name = Debug;
		};
		A10000C1 /* Release */ = {
			isa = XCBuildConfiguration;
			buildSettings = {
				BUNDLE_LOADER = "$(TEST_HOST)";
				CODE_SIGN_STYLE = Automatic;
				CURRENT_PROJECT_VERSION = 1;
				DEAD_CODE_STRIPPING = YES;
				GENERATE_INFOPLIST_FILE = YES;
				MARKETING_VERSION = 0.9.1;
				PRODUCT_BUNDLE_IDENTIFIER = app.kernova.tests;
				PRODUCT_NAME = "$(TARGET_NAME)";
				SWIFT_EMIT_LOC_STRINGS = NO;
				SWIFT_VERSION = 6.0;
				TEST_HOST = "$(BUILT_PRODUCTS_DIR)/Kernova.app/$(BUNDLE_EXECUTABLE_FOLDER_PATH)/Kernova";
			};
			name = Release;
		};
		A1000105 /* Debug */ = {
			isa = XCBuildConfiguration;
			buildSettings = {
				CODE_SIGN_ENTITLEMENTS = KernovaRelaunchHelper/KernovaRelaunchHelper.entitlements;
				CODE_SIGN_STYLE = Automatic;
				DEAD_CODE_STRIPPING = YES;
				PRODUCT_NAME = "$(TARGET_NAME)";
				SWIFT_VERSION = 6.0;
			};
			name = Debug;
		};
		A1000106 /* Release */ = {
			isa = XCBuildConfiguration;
			buildSettings = {
				CODE_SIGN_ENTITLEMENTS = KernovaRelaunchHelper/KernovaRelaunchHelper.entitlements;
				CODE_SIGN_STYLE = Automatic;
				DEAD_CODE_STRIPPING = YES;
				ENABLE_HARDENED_RUNTIME = YES;
				SKIP_INSTALL = YES;
				PRODUCT_NAME = "$(TARGET_NAME)";
				SWIFT_VERSION = 6.0;
			};
			name = Release;
		};
		A1000207 /* Debug */ = {
			isa = XCBuildConfiguration;
			buildSettings = {
				ASSETCATALOG_COMPILER_APPICON_NAME = AppIcon;
				CLANG_INSTRUMENT_FOR_OPTIMIZATION_PROFILING = NO;
				CODE_SIGN_ENTITLEMENTS = KernovaMacOSAgent/KernovaMacOSAgent.entitlements;
				"CODE_SIGN_IDENTITY[sdk=macosx*]" = "Apple Development";
				CODE_SIGN_STYLE = Manual;
				PROVISIONING_PROFILE_SPECIFIER = "";
				DEAD_CODE_STRIPPING = YES;
				GENERATE_INFOPLIST_FILE = NO;
				INFOPLIST_FILE = KernovaMacOSAgent/Info.plist;
				INFOPLIST_PREFIX_HEADER = "$(DERIVED_FILE_DIR)/AgentBuildNumber.h";
				INFOPLIST_PREPROCESS = YES;
				MARKETING_VERSION = 0.35.0;
				EXECUTABLE_NAME = KernovaMacOSAgent;
				PRODUCT_BUNDLE_IDENTIFIER = app.kernova.macosagent;
				PRODUCT_MODULE_NAME = KernovaMacOSAgent;
				PRODUCT_NAME = "Kernova Guest Agent";
				SWIFT_VERSION = 6.0;
			};
			name = Debug;
		};
		A1000208 /* Release */ = {
			isa = XCBuildConfiguration;
			buildSettings = {
				ASSETCATALOG_COMPILER_APPICON_NAME = AppIcon;
				CODE_SIGN_ENTITLEMENTS = KernovaMacOSAgent/KernovaMacOSAgent.entitlements;
				"CODE_SIGN_IDENTITY[sdk=macosx*]" = "Developer ID Application";
				CODE_SIGN_STYLE = Manual;
				PROVISIONING_PROFILE_SPECIFIER = "Kernova macOS Agent Developer ID";
				CODE_SIGN_INJECT_BASE_ENTITLEMENTS = NO;
				DEAD_CODE_STRIPPING = YES;
				ENABLE_HARDENED_RUNTIME = YES;
				OTHER_CODE_SIGN_FLAGS = "--timestamp";
				SKIP_INSTALL = YES;
				GENERATE_INFOPLIST_FILE = NO;
				INFOPLIST_FILE = KernovaMacOSAgent/Info.plist;
				INFOPLIST_PREFIX_HEADER = "$(DERIVED_FILE_DIR)/AgentBuildNumber.h";
				INFOPLIST_PREPROCESS = YES;
				MARKETING_VERSION = 0.35.0;
				EXECUTABLE_NAME = KernovaMacOSAgent;
				PRODUCT_BUNDLE_IDENTIFIER = app.kernova.macosagent;
				PRODUCT_MODULE_NAME = KernovaMacOSAgent;
				PRODUCT_NAME = "Kernova Guest Agent";
				SWIFT_VERSION = 6.0;
			};
			name = Release;
		};
		A100030A /* Debug */ = {
			isa = XCBuildConfiguration;
			buildSettings = {
				CODE_SIGN_STYLE = Automatic;
				CURRENT_PROJECT_VERSION = 1;
				DEAD_CODE_STRIPPING = YES;
				GENERATE_INFOPLIST_FILE = YES;
				MARKETING_VERSION = 0.9.1;
				PRODUCT_BUNDLE_IDENTIFIER = app.kernova.macosagent.tests;
				PRODUCT_NAME = "$(TARGET_NAME)";
				SWIFT_EMIT_LOC_STRINGS = NO;
				SWIFT_VERSION = 6.0;
			};
			name = Debug;
		};
		A100030B /* Release */ = {
			isa = XCBuildConfiguration;
			buildSettings = {
				CODE_SIGN_STYLE = Automatic;
				CURRENT_PROJECT_VERSION = 1;
				DEAD_CODE_STRIPPING = YES;
				GENERATE_INFOPLIST_FILE = YES;
				MARKETING_VERSION = 0.9.1;
				PRODUCT_BUNDLE_IDENTIFIER = app.kernova.macosagent.tests;
				PRODUCT_NAME = "$(TARGET_NAME)";
				SWIFT_EMIT_LOC_STRINGS = NO;
				SWIFT_VERSION = 6.0;
			};
			name = Release;
		};
		A1000405 /* Debug */ = {
			isa = XCBuildConfiguration;
			buildSettings = {
				CODE_SIGN_ENTITLEMENTS = KernovaQuickLook/KernovaQuickLook.entitlements;
				"CODE_SIGN_IDENTITY[sdk=macosx*]" = "Apple Development";
				CODE_SIGN_STYLE = Automatic;
				CURRENT_PROJECT_VERSION = 1;
				DEAD_CODE_STRIPPING = YES;
				ENABLE_DEBUG_DYLIB = NO;
				GENERATE_INFOPLIST_FILE = NO;
				INFOPLIST_FILE = KernovaQuickLook/Info.plist;
				INFOPLIST_PREFIX_HEADER = "$(DERIVED_FILE_DIR)/KernovaBuildNumber.h";
				INFOPLIST_PREPROCESS = YES;
				LD_RUNPATH_SEARCH_PATHS = (
					"$(inherited)",
					"@executable_path/../Frameworks",
					"@loader_path/../Frameworks",
				);
				MARKETING_VERSION = 0.9.1;
				PRODUCT_BUNDLE_IDENTIFIER = app.kernova.quicklook;
				PRODUCT_NAME = "$(TARGET_NAME)";
				SKIP_INSTALL = YES;
				SWIFT_EMIT_LOC_STRINGS = YES;
				SWIFT_VERSION = 6.0;
			};
			name = Debug;
		};
		A1000406 /* Release */ = {
			isa = XCBuildConfiguration;
			buildSettings = {
				CODE_SIGN_ENTITLEMENTS = KernovaQuickLook/KernovaQuickLook.entitlements;
				"CODE_SIGN_IDENTITY[sdk=macosx*]" = "Apple Development";
				CODE_SIGN_STYLE = Automatic;
				CURRENT_PROJECT_VERSION = 1;
				DEAD_CODE_STRIPPING = YES;
				ENABLE_HARDENED_RUNTIME = YES;
				ENABLE_DEBUG_DYLIB = NO;
				GENERATE_INFOPLIST_FILE = NO;
				INFOPLIST_FILE = KernovaQuickLook/Info.plist;
				INFOPLIST_PREFIX_HEADER = "$(DERIVED_FILE_DIR)/KernovaBuildNumber.h";
				INFOPLIST_PREPROCESS = YES;
				LD_RUNPATH_SEARCH_PATHS = (
					"$(inherited)",
					"@executable_path/../Frameworks",
					"@loader_path/../Frameworks",
				);
				MARKETING_VERSION = 0.9.1;
				PRODUCT_BUNDLE_IDENTIFIER = app.kernova.quicklook;
				PRODUCT_NAME = "$(TARGET_NAME)";
				SKIP_INSTALL = YES;
				SWIFT_EMIT_LOC_STRINGS = YES;
				SWIFT_VERSION = 6.0;
			};
			name = Release;
		};
		A1000505 /* Debug */ = {
			isa = XCBuildConfiguration;
			buildSettings = {
				CODE_SIGN_ENTITLEMENTS = KernovaMacOSAgentFileProvider/KernovaMacOSAgentFileProvider.entitlements;
				"CODE_SIGN_IDENTITY[sdk=macosx*]" = "Apple Development";
				CODE_SIGN_STYLE = Manual;
				PROVISIONING_PROFILE_SPECIFIER = "";
				CURRENT_PROJECT_VERSION = 1;
				DEAD_CODE_STRIPPING = YES;
				ENABLE_DEBUG_DYLIB = NO;
				GENERATE_INFOPLIST_FILE = NO;
				INFOPLIST_FILE = KernovaMacOSAgentFileProvider/Info.plist;
				INFOPLIST_PREFIX_HEADER = "$(DERIVED_FILE_DIR)/AgentBuildNumber.h";
				INFOPLIST_PREPROCESS = YES;
				LD_RUNPATH_SEARCH_PATHS = (
					"$(inherited)",
					"@executable_path/../Frameworks",
					"@loader_path/../Frameworks",
				);
				MARKETING_VERSION = 0.35.0;
				PRODUCT_BUNDLE_IDENTIFIER = app.kernova.macosagent.fileprovider;
				PRODUCT_NAME = "$(TARGET_NAME)";
				SKIP_INSTALL = YES;
				SWIFT_EMIT_LOC_STRINGS = YES;
				SWIFT_VERSION = 6.0;
			};
			name = Debug;
		};
		A1000506 /* Release */ = {
			isa = XCBuildConfiguration;
			buildSettings = {
				CODE_SIGN_ENTITLEMENTS = KernovaMacOSAgentFileProvider/KernovaMacOSAgentFileProvider.entitlements;
				"CODE_SIGN_IDENTITY[sdk=macosx*]" = "Developer ID Application";
				CODE_SIGN_STYLE = Manual;
				PROVISIONING_PROFILE_SPECIFIER = "Kernova macOS Agent File Provider Developer ID";
				CODE_SIGN_INJECT_BASE_ENTITLEMENTS = NO;
				CURRENT_PROJECT_VERSION = 1;
				DEAD_CODE_STRIPPING = YES;
				ENABLE_HARDENED_RUNTIME = YES;
				OTHER_CODE_SIGN_FLAGS = "--timestamp";
				ENABLE_DEBUG_DYLIB = NO;
				GENERATE_INFOPLIST_FILE = NO;
				INFOPLIST_FILE = KernovaMacOSAgentFileProvider/Info.plist;
				INFOPLIST_PREFIX_HEADER = "$(DERIVED_FILE_DIR)/AgentBuildNumber.h";
				INFOPLIST_PREPROCESS = YES;
				LD_RUNPATH_SEARCH_PATHS = (
					"$(inherited)",
					"@executable_path/../Frameworks",
					"@loader_path/../Frameworks",
				);
				MARKETING_VERSION = 0.35.0;
				PRODUCT_BUNDLE_IDENTIFIER = app.kernova.macosagent.fileprovider;
				PRODUCT_NAME = "$(TARGET_NAME)";
				SKIP_INSTALL = YES;
				SWIFT_EMIT_LOC_STRINGS = YES;
				SWIFT_VERSION = 6.0;
			};
			name = Release;
		};
		A1000605 /* Debug */ = {
			isa = XCBuildConfiguration;
			buildSettings = {
				CODE_SIGN_ENTITLEMENTS = KernovaFileProvider/KernovaFileProvider.entitlements;
				"CODE_SIGN_IDENTITY[sdk=macosx*]" = "Apple Development";
				CODE_SIGN_STYLE = Manual;
				PROVISIONING_PROFILE_SPECIFIER = "";
				CURRENT_PROJECT_VERSION = 1;
				DEAD_CODE_STRIPPING = YES;
				ENABLE_DEBUG_DYLIB = NO;
				GENERATE_INFOPLIST_FILE = NO;
				INFOPLIST_FILE = KernovaFileProvider/Info.plist;
				INFOPLIST_PREFIX_HEADER = "$(DERIVED_FILE_DIR)/KernovaBuildNumber.h";
				INFOPLIST_PREPROCESS = YES;
				LD_RUNPATH_SEARCH_PATHS = (
					"$(inherited)",
					"@executable_path/../Frameworks",
					"@loader_path/../Frameworks",
				);
				MARKETING_VERSION = 0.9.1;
				PRODUCT_BUNDLE_IDENTIFIER = app.kernova.fileprovider;
				PRODUCT_NAME = "$(TARGET_NAME)";
				SKIP_INSTALL = YES;
				SWIFT_EMIT_LOC_STRINGS = YES;
				SWIFT_VERSION = 6.0;
			};
			name = Debug;
		};
		A1000606 /* Release */ = {
			isa = XCBuildConfiguration;
			buildSettings = {
				CODE_SIGN_ENTITLEMENTS = KernovaFileProvider/KernovaFileProvider.entitlements;
				"CODE_SIGN_IDENTITY[sdk=macosx*]" = "Apple Development";
				CODE_SIGN_STYLE = Automatic;
				CURRENT_PROJECT_VERSION = 1;
				DEAD_CODE_STRIPPING = YES;
				ENABLE_HARDENED_RUNTIME = YES;
				REGISTER_APP_GROUPS = YES;
				ENABLE_DEBUG_DYLIB = NO;
				GENERATE_INFOPLIST_FILE = NO;
				INFOPLIST_FILE = KernovaFileProvider/Info.plist;
				INFOPLIST_PREFIX_HEADER = "$(DERIVED_FILE_DIR)/KernovaBuildNumber.h";
				INFOPLIST_PREPROCESS = YES;
				LD_RUNPATH_SEARCH_PATHS = (
					"$(inherited)",
					"@executable_path/../Frameworks",
					"@loader_path/../Frameworks",
				);
				MARKETING_VERSION = 0.9.1;
				PRODUCT_BUNDLE_IDENTIFIER = app.kernova.fileprovider;
				PRODUCT_NAME = "$(TARGET_NAME)";
				SKIP_INSTALL = YES;
				SWIFT_EMIT_LOC_STRINGS = YES;
				SWIFT_VERSION = 6.0;
			};
			name = Release;
		};
/* End XCBuildConfiguration section */

/* Begin XCConfigurationList section */
		A1000030 /* Build configuration list for PBXNativeTarget "Kernova" */ = {
			isa = XCConfigurationList;
			buildConfigurations = (
				A10000B0 /* Debug */,
				A10000B1 /* Release */,
			);
			defaultConfigurationIsVisible = 0;
			defaultConfigurationName = Release;
		};
		A1000031 /* Build configuration list for PBXNativeTarget "KernovaTests" */ = {
			isa = XCConfigurationList;
			buildConfigurations = (
				A10000C0 /* Debug */,
				A10000C1 /* Release */,
			);
			defaultConfigurationIsVisible = 0;
			defaultConfigurationName = Release;
		};
		A1000032 /* Build configuration list for PBXProject "Kernova" */ = {
			isa = XCConfigurationList;
			buildConfigurations = (
				A10000A0 /* Debug */,
				A10000A1 /* Release */,
			);
			defaultConfigurationIsVisible = 0;
			defaultConfigurationName = Release;
		};
		A1000107 /* Build configuration list for PBXNativeTarget "KernovaRelaunchHelper" */ = {
			isa = XCConfigurationList;
			buildConfigurations = (
				A1000105 /* Debug */,
				A1000106 /* Release */,
			);
			defaultConfigurationIsVisible = 0;
			defaultConfigurationName = Release;
		};
		A1000209 /* Build configuration list for PBXNativeTarget "KernovaMacOSAgent" */ = {
			isa = XCConfigurationList;
			buildConfigurations = (
				A1000207 /* Debug */,
				A1000208 /* Release */,
			);
			defaultConfigurationIsVisible = 0;
			defaultConfigurationName = Release;
		};
		A1000309 /* Build configuration list for PBXNativeTarget "KernovaMacOSAgentTests" */ = {
			isa = XCConfigurationList;
			buildConfigurations = (
				A100030A /* Debug */,
				A100030B /* Release */,
			);
			defaultConfigurationIsVisible = 0;
			defaultConfigurationName = Release;
		};
		A1000407 /* Build configuration list for PBXNativeTarget "KernovaQuickLook" */ = {
			isa = XCConfigurationList;
			buildConfigurations = (
				A1000405 /* Debug */,
				A1000406 /* Release */,
			);
			defaultConfigurationIsVisible = 0;
			defaultConfigurationName = Release;
		};
		A1000507 /* Build configuration list for PBXNativeTarget "KernovaMacOSAgentFileProvider" */ = {
			isa = XCConfigurationList;
			buildConfigurations = (
				A1000505 /* Debug */,
				A1000506 /* Release */,
			);
			defaultConfigurationIsVisible = 0;
			defaultConfigurationName = Release;
		};
		A1000607 /* Build configuration list for PBXNativeTarget "KernovaFileProvider" */ = {
			isa = XCConfigurationList;
			buildConfigurations = (
				A1000605 /* Debug */,
				A1000606 /* Release */,
			);
			defaultConfigurationIsVisible = 0;
			defaultConfigurationName = Release;
		};
/* End XCConfigurationList section */

/* Begin XCSwiftPackageProductDependency section */
		A2000002 /* KernovaKit */ = {
			isa = XCSwiftPackageProductDependency;
			productName = KernovaKit;
		};
		A2000005 /* KernovaKit */ = {
			isa = XCSwiftPackageProductDependency;
			productName = KernovaKit;
		};
		A2000007 /* KernovaKit */ = {
			isa = XCSwiftPackageProductDependency;
			productName = KernovaKit;
		};
		A2000008 /* KernovaKit */ = {
			isa = XCSwiftPackageProductDependency;
			productName = KernovaKit;
		};
		A200000B /* KernovaKit */ = {
			isa = XCSwiftPackageProductDependency;
			productName = KernovaKit;
		};
		A200000D /* KernovaTestSupport */ = {
			isa = XCSwiftPackageProductDependency;
			productName = KernovaTestSupport;
		};
		A200000F /* KernovaTestSupport */ = {
			isa = XCSwiftPackageProductDependency;
			productName = KernovaTestSupport;
		};
/* End XCSwiftPackageProductDependency section */
	};
	rootObject = A1000002 /* Project object */;
}
