// !$*UTF8*$!
{
	archiveVersion = 1;
	classes = {
	};
	objectVersion = 77;
	objects = {

/* Begin PBXBuildFile section */
		A10000F1 /* DiskTemplates in Resources */ = {isa = PBXBuildFile; fileRef = A10000F0 /* DiskTemplates */; };
		A100010B /* KernovaRelaunchHelper in Embed Helpers */ = {isa = PBXBuildFile; fileRef = A1000100 /* KernovaRelaunchHelper */; settings = {ATTRIBUTES = (CodeSignOnCopy, ); }; };
		A2000001 /* KernovaKit in Frameworks */ = {isa = PBXBuildFile; productRef = A2000002 /* KernovaKit */; };
		A2000004 /* KernovaKit in Frameworks */ = {isa = PBXBuildFile; productRef = A2000005 /* KernovaKit */; };
		A2000006 /* KernovaKit in Frameworks */ = {isa = PBXBuildFile; productRef = A2000007 /* KernovaKit */; };
		A200000C /* KernovaTestSupport in Frameworks */ = {isa = PBXBuildFile; productRef = A200000D /* KernovaTestSupport */; };
		A200000E /* KernovaTestSupport in Frameworks */ = {isa = PBXBuildFile; productRef = A200000F /* KernovaTestSupport */; };
/* End PBXBuildFile section */

/* Begin PBXContainerItemProxy section */
		A1000001 /* PBXContainerItemProxy */ = {
			isa = PBXContainerItemProxy;
			containerPortal = A1000002 /* Project object */;
			proxyType = 1;
			remoteGlobalIDString = A1000003;
			remoteInfo = Kernova;
		};
		A1000108 /* PBXContainerItemProxy */ = {
			isa = PBXContainerItemProxy;
			containerPortal = A1000002 /* Project object */;
			proxyType = 1;
			remoteGlobalIDString = A1000102;
			remoteInfo = KernovaRelaunchHelper;
		};
		A1000205 /* PBXContainerItemProxy */ = {
			isa = PBXContainerItemProxy;
			containerPortal = A1000002 /* Project object */;
			proxyType = 1;
			remoteGlobalIDString = A1000204;
			remoteInfo = KernovaMacOSAgent;
		};
		A1000301 /* PBXContainerItemProxy */ = {
			isa = PBXContainerItemProxy;
			containerPortal = A1000002 /* Project object */;
			proxyType = 1;
			remoteGlobalIDString = A1000204;
			remoteInfo = KernovaMacOSAgent;
		};
/* End PBXContainerItemProxy section */

/* Begin PBXCopyFilesBuildPhase section */
		A100010A /* Embed Helpers */ = {
			isa = PBXCopyFilesBuildPhase;
			buildActionMask = 2147483647;
			dstPath = "";
			dstSubfolderSpec = 6;
			files = (
				A100010B /* KernovaRelaunchHelper in Embed Helpers */,
			);
			name = "Embed Helpers";
			runOnlyForDeploymentPostprocessing = 0;
		};
/* End PBXCopyFilesBuildPhase section */

/* Begin PBXFileReference section */
		28934EC9D674276AC8786B9A /* Base.xcconfig */ = {isa = PBXFileReference; lastKnownFileType = text.xcconfig; path = Base.xcconfig; sourceTree = "<group>"; };
		A1000501 /* Kernova.xcconfig */ = {isa = PBXFileReference; lastKnownFileType = text.xcconfig; path = Kernova.xcconfig; sourceTree = "<group>"; };
		A1000502 /* KernovaTests.xcconfig */ = {isa = PBXFileReference; lastKnownFileType = text.xcconfig; path = KernovaTests.xcconfig; sourceTree = "<group>"; };
		A1000503 /* KernovaRelaunchHelper.xcconfig */ = {isa = PBXFileReference; lastKnownFileType = text.xcconfig; path = KernovaRelaunchHelper.xcconfig; sourceTree = "<group>"; };
		A1000504 /* KernovaMacOSAgent.xcconfig */ = {isa = PBXFileReference; lastKnownFileType = text.xcconfig; path = KernovaMacOSAgent.xcconfig; sourceTree = "<group>"; };
		A1000505 /* KernovaMacOSAgentTests.xcconfig */ = {isa = PBXFileReference; lastKnownFileType = text.xcconfig; path = KernovaMacOSAgentTests.xcconfig; sourceTree = "<group>"; };
		A1000004 /* Kernova.app */ = {isa = PBXFileReference; explicitFileType = wrapper.application; includeInIndex = 0; path = Kernova.app; sourceTree = BUILT_PRODUCTS_DIR; };
		A1000005 /* KernovaTests.xctest */ = {isa = PBXFileReference; explicitFileType = wrapper.cfbundle; includeInIndex = 0; path = KernovaTests.xctest; sourceTree = BUILT_PRODUCTS_DIR; };
		A10000F0 /* DiskTemplates */ = {isa = PBXFileReference; lastKnownFileType = folder; path = DiskTemplates; sourceTree = "<group>"; };
		A1000100 /* KernovaRelaunchHelper */ = {isa = PBXFileReference; explicitFileType = "compiled.mach-o.executable"; includeInIndex = 0; path = KernovaRelaunchHelper; sourceTree = BUILT_PRODUCTS_DIR; };
		A1000200 /* Kernova Guest Agent.app */ = {isa = PBXFileReference; explicitFileType = wrapper.application; includeInIndex = 0; path = "Kernova Guest Agent.app"; sourceTree = BUILT_PRODUCTS_DIR; };
		A1000300 /* KernovaMacOSAgentTests.xctest */ = {isa = PBXFileReference; explicitFileType = wrapper.cfbundle; includeInIndex = 0; path = KernovaMacOSAgentTests.xctest; sourceTree = BUILT_PRODUCTS_DIR; };
		B62FC33F2FAFDBB1003775B7 /* KernovaKit */ = {isa = PBXFileReference; lastKnownFileType = wrapper; path = KernovaKit; sourceTree = "<group>"; };
/* End PBXFileReference section */

/* Begin PBXFileSystemSynchronizedBuildFileExceptionSet section */
		A10000E0 /* Exceptions for "Kernova" folder in "Kernova" target */ = {
			isa = PBXFileSystemSynchronizedBuildFileExceptionSet;
			membershipExceptions = (
				App/Info.plist,
			);
			target = A1000003 /* Kernova */;
		};
		A100020D /* Exceptions for "KernovaMacOSAgent" folder in "KernovaMacOSAgent" target */ = {
			isa = PBXFileSystemSynchronizedBuildFileExceptionSet;
			membershipExceptions = (
				app.kernova.macosagent.plist,
				Info.plist,
				install.command,
				uninstall.command,
			);
			target = A1000204 /* KernovaMacOSAgent */;
		};
		A1000308 /* Exceptions for "KernovaMacOSAgent" folder in "KernovaMacOSAgentTests" target */ = {
			isa = PBXFileSystemSynchronizedBuildFileExceptionSet;
			membershipExceptions = (
				AgentAppDelegate.swift,
				app.kernova.macosagent.plist,
				Assets.xcassets,
				Info.plist,
				install.command,
				uninstall.command,
			);
			target = A1000303 /* KernovaMacOSAgentTests */;
		};
/* End PBXFileSystemSynchronizedBuildFileExceptionSet section */

/* Begin PBXFileSystemSynchronizedRootGroup section */
		A1000006 /* Kernova */ = {
			isa = PBXFileSystemSynchronizedRootGroup;
			exceptions = (
				A10000E0 /* Exceptions for "Kernova" folder in "Kernova" target */,
			);
			path = Kernova;
			sourceTree = "<group>";
		};
		A1000007 /* KernovaTests */ = {
			isa = PBXFileSystemSynchronizedRootGroup;
			path = KernovaTests;
			sourceTree = "<group>";
		};
		A1000101 /* KernovaRelaunchHelper */ = {
			isa = PBXFileSystemSynchronizedRootGroup;
			path = KernovaRelaunchHelper;
			sourceTree = "<group>";
		};
		A1000201 /* KernovaMacOSAgent */ = {
			isa = PBXFileSystemSynchronizedRootGroup;
			exceptions = (
				A100020D /* Exceptions for "KernovaMacOSAgent" folder in "KernovaMacOSAgent" target */,
				A1000308 /* Exceptions for "KernovaMacOSAgent" folder in "KernovaMacOSAgentTests" target */,
			);
			path = KernovaMacOSAgent;
			sourceTree = "<group>";
		};
		A1000302 /* KernovaMacOSAgentTests */ = {
			isa = PBXFileSystemSynchronizedRootGroup;
			path = KernovaMacOSAgentTests;
			sourceTree = "<group>";
		};
/* End PBXFileSystemSynchronizedRootGroup section */

/* Begin PBXFrameworksBuildPhase section */
		A1000010 /* Frameworks */ = {
			isa = PBXFrameworksBuildPhase;
			buildActionMask = 2147483647;
			files = (
				A2000001 /* KernovaKit in Frameworks */,
			);
			runOnlyForDeploymentPostprocessing = 0;
		};
		A1000011 /* Frameworks */ = {
			isa = PBXFrameworksBuildPhase;
			buildActionMask = 2147483647;
			files = (
				A200000C /* KernovaTestSupport in Frameworks */,
			);
			runOnlyForDeploymentPostprocessing = 0;
		};
		A1000104 /* Frameworks */ = {
			isa = PBXFrameworksBuildPhase;
			buildActionMask = 2147483647;
			files = (
			);
			runOnlyForDeploymentPostprocessing = 0;
		};
		A1000203 /* Frameworks */ = {
			isa = PBXFrameworksBuildPhase;
			buildActionMask = 2147483647;
			files = (
				A2000004 /* KernovaKit in Frameworks */,
			);
			runOnlyForDeploymentPostprocessing = 0;
		};
		A1000305 /* Frameworks */ = {
			isa = PBXFrameworksBuildPhase;
			buildActionMask = 2147483647;
			files = (
				A2000006 /* KernovaKit in Frameworks */,
				A200000E /* KernovaTestSupport in Frameworks */,
			);
			runOnlyForDeploymentPostprocessing = 0;
		};
/* End PBXFrameworksBuildPhase section */

/* Begin PBXGroup section */
		28934EC9D674276AC8786B9B /* Config */ = {
			isa = PBXGroup;
			children = (
				28934EC9D674276AC8786B9A /* Base.xcconfig */,
				A1000500 /* Targets */,
			);
			path = Config;
			sourceTree = "<group>";
		};
		A1000500 /* Targets */ = {
			isa = PBXGroup;
			children = (
				A1000501 /* Kernova.xcconfig */,
				A1000502 /* KernovaTests.xcconfig */,
				A1000503 /* KernovaRelaunchHelper.xcconfig */,
				A1000504 /* KernovaMacOSAgent.xcconfig */,
				A1000505 /* KernovaMacOSAgentTests.xcconfig */,
			);
			path = Targets;
			sourceTree = "<group>";
		};
		A1000020 = {
			isa = PBXGroup;
			children = (
				28934EC9D674276AC8786B9B /* Config */,
				A1000006 /* Kernova */,
				A1000007 /* KernovaTests */,
				A1000101 /* KernovaRelaunchHelper */,
				A1000201 /* KernovaMacOSAgent */,
				A1000302 /* KernovaMacOSAgentTests */,
				B62FC33F2FAFDBB1003775B7 /* KernovaKit */,
				A10000F0 /* DiskTemplates */,
				A1000021 /* Products */,
			);
			sourceTree = "<group>";
		};
		A1000021 /* Products */ = {
			isa = PBXGroup;
			children = (
				A1000004 /* Kernova.app */,
				A1000005 /* KernovaTests.xctest */,
				A1000100 /* KernovaRelaunchHelper */,
				A1000200 /* Kernova Guest Agent.app */,
				A1000300 /* KernovaMacOSAgentTests.xctest */,
			);
			name = Products;
			sourceTree = "<group>";
		};
/* End PBXGroup section */

/* Begin PBXNativeTarget section */
		A1000003 /* Kernova */ = {
			isa = PBXNativeTarget;
			buildConfigurationList = A1000030 /* Build configuration list for PBXNativeTarget "Kernova" */;
			buildPhases = (
				A10000D0 /* Set Build Number from Git */,
				A1000040 /* Sources */,
				A1000010 /* Frameworks */,
				A1000050 /* Resources */,
				A100010A /* Embed Helpers */,
				A100020A /* Package Guest Agent DMG */,
			);
			buildRules = (
			);
			dependencies = (
				A1000109 /* PBXTargetDependency */,
				A1000206 /* PBXTargetDependency */,
			);
			fileSystemSynchronizedGroups = (
				A1000006 /* Kernova */,
			);
			name = Kernova;
			packageProductDependencies = (
				A2000002 /* KernovaKit */,
			);
			productName = Kernova;
			productReference = A1000004 /* Kernova.app */;
			productType = "com.apple.product-type.application";
		};
		A1000060 /* KernovaTests */ = {
			isa = PBXNativeTarget;
			buildConfigurationList = A1000031 /* Build configuration list for PBXNativeTarget "KernovaTests" */;
			buildPhases = (
				A1000041 /* Sources */,
				A1000011 /* Frameworks */,
				A1000051 /* Resources */,
			);
			buildRules = (
			);
			dependencies = (
				A1000070 /* PBXTargetDependency */,
			);
			fileSystemSynchronizedGroups = (
				A1000007 /* KernovaTests */,
			);
			name = KernovaTests;
			packageProductDependencies = (
				A200000D /* KernovaTestSupport */,
			);
			productName = KernovaTests;
			productReference = A1000005 /* KernovaTests.xctest */;
			productType = "com.apple.product-type.bundle.unit-test";
		};
		A1000102 /* KernovaRelaunchHelper */ = {
			isa = PBXNativeTarget;
			buildConfigurationList = A1000107 /* Build configuration list for PBXNativeTarget "KernovaRelaunchHelper" */;
			buildPhases = (
				A1000103 /* Sources */,
				A1000104 /* Frameworks */,
			);
			buildRules = (
			);
			dependencies = (
			);
			fileSystemSynchronizedGroups = (
				A1000101 /* KernovaRelaunchHelper */,
			);
			name = KernovaRelaunchHelper;
			packageProductDependencies = (
			);
			productName = KernovaRelaunchHelper;
			productReference = A1000100 /* KernovaRelaunchHelper */;
			productType = "com.apple.product-type.tool";
		};
		A1000204 /* KernovaMacOSAgent */ = {
			isa = PBXNativeTarget;
			buildConfigurationList = A1000209 /* Build configuration list for PBXNativeTarget "KernovaMacOSAgent" */;
			buildPhases = (
				A100020C /* Set Build Number from Git */,
				A1000202 /* Sources */,
				A1000203 /* Frameworks */,
				A100020B /* Resources */,
			);
			buildRules = (
			);
			dependencies = (
			);
			fileSystemSynchronizedGroups = (
				A1000201 /* KernovaMacOSAgent */,
			);
			name = KernovaMacOSAgent;
			packageProductDependencies = (
				A2000005 /* KernovaKit */,
			);
			productName = KernovaMacOSAgent;
			productReference = A1000200 /* Kernova Guest Agent.app */;
			productType = "com.apple.product-type.application";
		};
		A1000303 /* KernovaMacOSAgentTests */ = {
			isa = PBXNativeTarget;
			buildConfigurationList = A1000309 /* Build configuration list for PBXNativeTarget "KernovaMacOSAgentTests" */;
			buildPhases = (
				A1000304 /* Sources */,
				A1000305 /* Frameworks */,
				A1000306 /* Resources */,
			);
			buildRules = (
			);
			dependencies = (
				A1000307 /* PBXTargetDependency */,
			);
			fileSystemSynchronizedGroups = (
				A1000201 /* KernovaMacOSAgent */,
				A1000302 /* KernovaMacOSAgentTests */,
			);
			name = KernovaMacOSAgentTests;
			packageProductDependencies = (
				A2000007 /* KernovaKit */,
				A200000F /* KernovaTestSupport */,
			);
			productName = KernovaMacOSAgentTests;
			productReference = A1000300 /* KernovaMacOSAgentTests.xctest */;
			productType = "com.apple.product-type.bundle.unit-test";
		};
/* End PBXNativeTarget section */

/* Begin PBXProject section */
		A1000002 /* Project object */ = {
			isa = PBXProject;
			attributes = {
				BuildIndependentTargetsInParallel = 1;
				LastUpgradeCheck = 2700;
				TargetAttributes = {
					A1000003 = {
						CreatedOnToolsVersion = 16.0;
					};
					A1000060 = {
						CreatedOnToolsVersion = 16.0;
						TestTargetID = A1000003;
					};
					A1000102 = {
						CreatedOnToolsVersion = 16.0;
					};
					A1000204 = {
						CreatedOnToolsVersion = 16.0;
					};
					A1000303 = {
						CreatedOnToolsVersion = 16.0;
						TestTargetID = A1000204;
					};
				};
			};
			buildConfigurationList = A1000032 /* Build configuration list for PBXProject "Kernova" */;
			developmentRegion = en;
			hasScannedForEncodings = 0;
			knownRegions = (
				en,
				Base,
			);
			mainGroup = A1000020;
			minimizedProjectReferenceProxies = 1;
			packageReferences = (
			);
			preferredProjectObjectVersion = 77;
			productRefGroup = A1000021 /* Products */;
			projectDirPath = "";
			projectRoot = "";
			targets = (
				A1000003 /* Kernova */,
				A1000102 /* KernovaRelaunchHelper */,
				A1000204 /* KernovaMacOSAgent */,
				A1000060 /* KernovaTests */,
				A1000303 /* KernovaMacOSAgentTests */,
			);
		};
/* End PBXProject section */

/* Begin PBXResourcesBuildPhase section */
		A1000050 /* Resources */ = {
			isa = PBXResourcesBuildPhase;
			buildActionMask = 2147483647;
			files = (
				A10000F1 /* DiskTemplates in Resources */,
			);
			runOnlyForDeploymentPostprocessing = 0;
		};
		A1000051 /* Resources */ = {
			isa = PBXResourcesBuildPhase;
			buildActionMask = 2147483647;
			files = (
			);
			runOnlyForDeploymentPostprocessing = 0;
		};
		A100020B /* Resources */ = {
			isa = PBXResourcesBuildPhase;
			buildActionMask = 2147483647;
			files = (
			);
			runOnlyForDeploymentPostprocessing = 0;
		};
		A1000306 /* Resources */ = {
			isa = PBXResourcesBuildPhase;
			buildActionMask = 2147483647;
			files = (
			);
			runOnlyForDeploymentPostprocessing = 0;
		};
/* End PBXResourcesBuildPhase section */

/* Begin PBXShellScriptBuildPhase section */
		A10000D0 /* Set Build Number from Git */ = {
			isa = PBXShellScriptBuildPhase;
			alwaysOutOfDate = 1;
			buildActionMask = 2147483647;
			files = (
			);
			inputFileListPaths = (
			);
			inputPaths = (
			);
			name = "Set Build Number from Git";
			outputFileListPaths = (
			);
			outputPaths = (
				"$(DERIVED_FILE_DIR)/KernovaBuildNumber.h",
			);
			runOnlyForDeploymentPostprocessing = 0;
			shellPath = /bin/sh;
			shellScript = "\"${SRCROOT}/Tools/set-build-number.sh\" app\n";
		};
		A100020A /* Package Guest Agent DMG */ = {
			isa = PBXShellScriptBuildPhase;
			buildActionMask = 2147483647;
			files = (
			);
			inputFileListPaths = (
			);
			inputPaths = (
				"$(BUILT_PRODUCTS_DIR)/Kernova Guest Agent.app",
				"$(BUILT_PRODUCTS_DIR)/Kernova Guest Agent.app/Contents/Info.plist",
				"$(BUILT_PRODUCTS_DIR)/Kernova Guest Agent.app/Contents/MacOS/KernovaMacOSAgent",
				"$(BUILT_PRODUCTS_DIR)/Kernova Guest Agent.app/Contents/_CodeSignature/CodeResources",
				"$(SRCROOT)/KernovaMacOSAgent/install.command",
				"$(SRCROOT)/KernovaMacOSAgent/uninstall.command",
				"$(SRCROOT)/KernovaMacOSAgent/app.kernova.macosagent.plist",
				"$(SRCROOT)/Tools/package-guest-agent-dmg.sh",
			);
			name = "Package Guest Agent DMG";
			outputFileListPaths = (
			);
			outputPaths = (
				"$(BUILT_PRODUCTS_DIR)/$(CONTENTS_FOLDER_PATH)/Resources/KernovaMacOSAgent.dmg",
				"$(BUILT_PRODUCTS_DIR)/$(CONTENTS_FOLDER_PATH)/Resources/KernovaMacOSAgentVersion.txt",
			);
			runOnlyForDeploymentPostprocessing = 0;
			shellPath = /bin/sh;
			shellScript = "\"${SRCROOT}/Tools/package-guest-agent-dmg.sh\"\n";
		};
		A100020C /* Set Build Number from Git */ = {
			isa = PBXShellScriptBuildPhase;
			alwaysOutOfDate = 1;
			buildActionMask = 2147483647;
			files = (
			);
			inputFileListPaths = (
			);
			inputPaths = (
			);
			name = "Set Build Number from Git";
			outputFileListPaths = (
			);
			outputPaths = (
				"$(DERIVED_FILE_DIR)/AgentBuildNumber.h",
			);
			runOnlyForDeploymentPostprocessing = 0;
			shellPath = /bin/sh;
			shellScript = "\"${SRCROOT}/Tools/set-build-number.sh\" agent\n";
		};
/* End PBXShellScriptBuildPhase section */

/* Begin PBXSourcesBuildPhase section */
		A1000040 /* Sources */ = {
			isa = PBXSourcesBuildPhase;
			buildActionMask = 2147483647;
			files = (
			);
			runOnlyForDeploymentPostprocessing = 0;
		};
		A1000041 /* Sources */ = {
			isa = PBXSourcesBuildPhase;
			buildActionMask = 2147483647;
			files = (
			);
			runOnlyForDeploymentPostprocessing = 0;
		};
		A1000103 /* Sources */ = {
			isa = PBXSourcesBuildPhase;
			buildActionMask = 2147483647;
			files = (
			);
			runOnlyForDeploymentPostprocessing = 0;
		};
		A1000202 /* Sources */ = {
			isa = PBXSourcesBuildPhase;
			buildActionMask = 2147483647;
			files = (
			);
			runOnlyForDeploymentPostprocessing = 0;
		};
		A1000304 /* Sources */ = {
			isa = PBXSourcesBuildPhase;
			buildActionMask = 2147483647;
			files = (
			);
			runOnlyForDeploymentPostprocessing = 0;
		};
/* End PBXSourcesBuildPhase section */

/* Begin PBXTargetDependency section */
		A1000070 /* PBXTargetDependency */ = {
			isa = PBXTargetDependency;
			target = A1000003 /* Kernova */;
			targetProxy = A1000001 /* PBXContainerItemProxy */;
		};
		A1000109 /* PBXTargetDependency */ = {
			isa = PBXTargetDependency;
			target = A1000102 /* KernovaRelaunchHelper */;
			targetProxy = A1000108 /* PBXContainerItemProxy */;
		};
		A1000206 /* PBXTargetDependency */ = {
			isa = PBXTargetDependency;
			target = A1000204 /* KernovaMacOSAgent */;
			targetProxy = A1000205 /* PBXContainerItemProxy */;
		};
		A1000307 /* PBXTargetDependency */ = {
			isa = PBXTargetDependency;
			target = A1000204 /* KernovaMacOSAgent */;
			targetProxy = A1000301 /* PBXContainerItemProxy */;
		};
/* End PBXTargetDependency section */

/* Begin XCBuildConfiguration section */
		A10000A0 /* Debug */ = {
			isa = XCBuildConfiguration;
			baseConfigurationReference = 28934EC9D674276AC8786B9A /* Base.xcconfig */;
			buildSettings = {
			};
			name = Debug;
		};
		A10000A1 /* Release */ = {
			isa = XCBuildConfiguration;
			baseConfigurationReference = 28934EC9D674276AC8786B9A /* Base.xcconfig */;
			buildSettings = {
			};
			name = Release;
		};
		A10000B0 /* Debug */ = {
			isa = XCBuildConfiguration;
			baseConfigurationReference = A1000501 /* Kernova.xcconfig */;
			buildSettings = {
			};
			name = Debug;
		};
		A10000B1 /* Release */ = {
			isa = XCBuildConfiguration;
			baseConfigurationReference = A1000501 /* Kernova.xcconfig */;
			buildSettings = {
			};
			name = Release;
		};
		A10000C0 /* Debug */ = {
			isa = XCBuildConfiguration;
			baseConfigurationReference = A1000502 /* KernovaTests.xcconfig */;
			buildSettings = {
			};
			name = Debug;
		};
		A10000C1 /* Release */ = {
			isa = XCBuildConfiguration;
			baseConfigurationReference = A1000502 /* KernovaTests.xcconfig */;
			buildSettings = {
			};
			name = Release;
		};
		A1000105 /* Debug */ = {
			isa = XCBuildConfiguration;
			baseConfigurationReference = A1000503 /* KernovaRelaunchHelper.xcconfig */;
			buildSettings = {
			};
			name = Debug;
		};
		A1000106 /* Release */ = {
			isa = XCBuildConfiguration;
			baseConfigurationReference = A1000503 /* KernovaRelaunchHelper.xcconfig */;
			buildSettings = {
			};
			name = Release;
		};
		A1000207 /* Debug */ = {
			isa = XCBuildConfiguration;
			baseConfigurationReference = A1000504 /* KernovaMacOSAgent.xcconfig */;
			buildSettings = {
			};
			name = Debug;
		};
		A1000208 /* Release */ = {
			isa = XCBuildConfiguration;
			baseConfigurationReference = A1000504 /* KernovaMacOSAgent.xcconfig */;
			buildSettings = {
			};
			name = Release;
		};
		A100030A /* Debug */ = {
			isa = XCBuildConfiguration;
			baseConfigurationReference = A1000505 /* KernovaMacOSAgentTests.xcconfig */;
			buildSettings = {
			};
			name = Debug;
		};
		A100030B /* Release */ = {
			isa = XCBuildConfiguration;
			baseConfigurationReference = A1000505 /* KernovaMacOSAgentTests.xcconfig */;
			buildSettings = {
			};
			name = Release;
		};
/* End XCBuildConfiguration section */

/* Begin XCConfigurationList section */
		A1000030 /* Build configuration list for PBXNativeTarget "Kernova" */ = {
			isa = XCConfigurationList;
			buildConfigurations = (
				A10000B0 /* Debug */,
				A10000B1 /* Release */,
			);
			defaultConfigurationIsVisible = 0;
			defaultConfigurationName = Release;
		};
		A1000031 /* Build configuration list for PBXNativeTarget "KernovaTests" */ = {
			isa = XCConfigurationList;
			buildConfigurations = (
				A10000C0 /* Debug */,
				A10000C1 /* Release */,
			);
			defaultConfigurationIsVisible = 0;
			defaultConfigurationName = Release;
		};
		A1000032 /* Build configuration list for PBXProject "Kernova" */ = {
			isa = XCConfigurationList;
			buildConfigurations = (
				A10000A0 /* Debug */,
				A10000A1 /* Release */,
			);
			defaultConfigurationIsVisible = 0;
			defaultConfigurationName = Release;
		};
		A1000107 /* Build configuration list for PBXNativeTarget "KernovaRelaunchHelper" */ = {
			isa = XCConfigurationList;
			buildConfigurations = (
				A1000105 /* Debug */,
				A1000106 /* Release */,
			);
			defaultConfigurationIsVisible = 0;
			defaultConfigurationName = Release;
		};
		A1000209 /* Build configuration list for PBXNativeTarget "KernovaMacOSAgent" */ = {
			isa = XCConfigurationList;
			buildConfigurations = (
				A1000207 /* Debug */,
				A1000208 /* Release */,
			);
			defaultConfigurationIsVisible = 0;
			defaultConfigurationName = Release;
		};
		A1000309 /* Build configuration list for PBXNativeTarget "KernovaMacOSAgentTests" */ = {
			isa = XCConfigurationList;
			buildConfigurations = (
				A100030A /* Debug */,
				A100030B /* Release */,
			);
			defaultConfigurationIsVisible = 0;
			defaultConfigurationName = Release;
		};
/* End XCConfigurationList section */

/* Begin XCSwiftPackageProductDependency section */
		A2000002 /* KernovaKit */ = {
			isa = XCSwiftPackageProductDependency;
			productName = KernovaKit;
		};
		A2000005 /* KernovaKit */ = {
			isa = XCSwiftPackageProductDependency;
			productName = KernovaKit;
		};
		A2000007 /* KernovaKit */ = {
			isa = XCSwiftPackageProductDependency;
			productName = KernovaKit;
		};
		A200000D /* KernovaTestSupport */ = {
			isa = XCSwiftPackageProductDependency;
			productName = KernovaTestSupport;
		};
		A200000F /* KernovaTestSupport */ = {
			isa = XCSwiftPackageProductDependency;
			productName = KernovaTestSupport;
		};
/* End XCSwiftPackageProductDependency section */
	};
	rootObject = A1000002 /* Project object */;
}
